// !$*UTF8*$!
{
	archiveVersion = 1;
	classes = {
	};
	objectVersion = 55;
	objects = {

/* Begin PBXBuildFile section */
		0FF90E26276EFB130051D1E4 /* BrewAppApp.swift in Sources */ = {isa = PBXBuildFile; fileRef = 0FF90E25276EFB130051D1E4 /* BrewAppApp.swift */; };
		0FF90E28276EFB130051D1E4 /* ContentView.swift in Sources */ = {isa = PBXBuildFile; fileRef = 0FF90E27276EFB130051D1E4 /* ContentView.swift */; };
		0FF90E2A276EFB150051D1E4 /* Assets.xcassets in Resources */ = {isa = PBXBuildFile; fileRef = 0FF90E29276EFB150051D1E4 /* Assets.xcassets */; };
		0FF90E2D276EFB150051D1E4 /* Preview Assets.xcassets in Resources */ = {isa = PBXBuildFile; fileRef = 0FF90E2C276EFB150051D1E4 /* Preview Assets.xcassets */; };
		0FF90E35276EFE4B0051D1E4 /* PopularMovieView.swift in Sources */ = {isa = PBXBuildFile; fileRef = 0FF90E34276EFE4B0051D1E4 /* PopularMovieView.swift */; };
		0FF90E37276EFFE40051D1E4 /* UnpopularMovieView.swift in Sources */ = {isa = PBXBuildFile; fileRef = 0FF90E36276EFFE40051D1E4 /* UnpopularMovieView.swift */; };
		0FF90E39276F15C50051D1E4 /* APIManager.swift in Sources */ = {isa = PBXBuildFile; fileRef = 0FF90E38276F15C40051D1E4 /* APIManager.swift */; };
		0FF90E3C276F56980051D1E4 /* Contants.swift in Sources */ = {isa = PBXBuildFile; fileRef = 0FF90E3B276F56980051D1E4 /* Contants.swift */; };
		0FF90E44276F7B8C0051D1E4 /* DetailView.swift in Sources */ = {isa = PBXBuildFile; fileRef = 0FF90E43276F7B8C0051D1E4 /* DetailView.swift */; };
/* End PBXBuildFile section */

/* Begin PBXFileReference section */
		0FF90E22276EFB130051D1E4 /* BrewApp.app */ = {isa = PBXFileReference; explicitFileType = wrapper.application; includeInIndex = 0; path = BrewApp.app; sourceTree = BUILT_PRODUCTS_DIR; };
		0FF90E25276EFB130051D1E4 /* BrewAppApp.swift */ = {isa = PBXFileReference; lastKnownFileType = sourcecode.swift; path = BrewAppApp.swift; sourceTree = "<group>"; };
		0FF90E27276EFB130051D1E4 /* ContentView.swift */ = {isa = PBXFileReference; lastKnownFileType = sourcecode.swift; path = ContentView.swift; sourceTree = "<group>"; };
		0FF90E29276EFB150051D1E4 /* Assets.xcassets */ = {isa = PBXFileReference; lastKnownFileType = folder.assetcatalog; path = Assets.xcassets; sourceTree = "<group>"; };
		0FF90E2C276EFB150051D1E4 /* Preview Assets.xcassets */ = {isa = PBXFileReference; lastKnownFileType = folder.assetcatalog; path = "Preview Assets.xcassets"; sourceTree = "<group>"; };
		0FF90E34276EFE4B0051D1E4 /* PopularMovieView.swift */ = {isa = PBXFileReference; lastKnownFileType = sourcecode.swift; path = PopularMovieView.swift; sourceTree = "<group>"; };
		0FF90E36276EFFE40051D1E4 /* UnpopularMovieView.swift */ = {isa = PBXFileReference; lastKnownFileType = sourcecode.swift; path = UnpopularMovieView.swift; sourceTree = "<group>"; };
		0FF90E38276F15C40051D1E4 /* APIManager.swift */ = {isa = PBXFileReference; lastKnownFileType = sourcecode.swift; path = APIManager.swift; sourceTree = "<group>"; };
		0FF90E3B276F56980051D1E4 /* Contants.swift */ = {isa = PBXFileReference; lastKnownFileType = sourcecode.swift; path = Contants.swift; sourceTree = "<group>"; };
		0FF90E43276F7B8C0051D1E4 /* DetailView.swift */ = {isa = PBXFileReference; lastKnownFileType = sourcecode.swift; path = DetailView.swift; sourceTree = "<group>"; };
/* End PBXFileReference section */

/* Begin PBXFrameworksBuildPhase section */
		0FF90E1F276EFB130051D1E4 /* Frameworks */ = {
			isa = PBXFrameworksBuildPhase;
			buildActionMask = 2147483647;
			files = (
			);
			runOnlyForDeploymentPostprocessing = 0;
		};
/* End PBXFrameworksBuildPhase section */

/* Begin PBXGroup section */
		0FF90E19276EFB130051D1E4 = {
			isa = PBXGroup;
			children = (
				0FF90E24276EFB130051D1E4 /* BrewApp */,
				0FF90E23276EFB130051D1E4 /* Products */,
			);
			sourceTree = "<group>";
		};
		0FF90E23276EFB130051D1E4 /* Products */ = {
			isa = PBXGroup;
			children = (
				0FF90E22276EFB130051D1E4 /* BrewApp.app */,
			);
			name = Products;
			sourceTree = "<group>";
		};
		0FF90E24276EFB130051D1E4 /* BrewApp */ = {
			isa = PBXGroup;
			children = (
				0FF90E40276F5DC30051D1E4 /* Utilities */,
				0FF90E33276EFE280051D1E4 /* Views */,
				0FF90E45276F93AC0051D1E4 /* App */,
				0FF90E29276EFB150051D1E4 /* Assets.xcassets */,
				0FF90E2B276EFB150051D1E4 /* Preview Content */,
				0FF90E3A276F15CA0051D1E4 /* Networking */,
			);
			path = BrewApp;
			sourceTree = "<group>";
		};
		0FF90E2B276EFB150051D1E4 /* Preview Content */ = {
			isa = PBXGroup;
			children = (
				0FF90E2C276EFB150051D1E4 /* Preview Assets.xcassets */,
			);
			path = "Preview Content";
			sourceTree = "<group>";
		};
		0FF90E33276EFE280051D1E4 /* Views */ = {
			isa = PBXGroup;
			children = (
				0FF90E34276EFE4B0051D1E4 /* PopularMovieView.swift */,
				0FF90E36276EFFE40051D1E4 /* UnpopularMovieView.swift */,
				0FF90E43276F7B8C0051D1E4 /* DetailView.swift */,
			);
			path = Views;
			sourceTree = "<group>";
		};
		0FF90E3A276F15CA0051D1E4 /* Networking */ = {
			isa = PBXGroup;
			children = (
				0FF90E38276F15C40051D1E4 /* APIManager.swift */,
			);
			path = Networking;
			sourceTree = "<group>";
		};
		0FF90E40276F5DC30051D1E4 /* Utilities */ = {
			isa = PBXGroup;
			children = (
				0FF90E3B276F56980051D1E4 /* Contants.swift */,
			);
			path = Utilities;
			sourceTree = "<group>";
		};
		0FF90E45276F93AC0051D1E4 /* App */ = {
			isa = PBXGroup;
			children = (
				0FF90E25276EFB130051D1E4 /* BrewAppApp.swift */,
				0FF90E27276EFB130051D1E4 /* ContentView.swift */,
			);
			path = App;
			sourceTree = "<group>";
		};
/* End PBXGroup section */

/* Begin PBXNativeTarget section */
		0FF90E21276EFB130051D1E4 /* BrewApp */ = {
			isa = PBXNativeTarget;
			buildConfigurationList = 0FF90E30276EFB150051D1E4 /* Build configuration list for PBXNativeTarget "BrewApp" */;
			buildPhases = (
				0FF90E1E276EFB130051D1E4 /* Sources */,
				0FF90E1F276EFB130051D1E4 /* Frameworks */,
				0FF90E20276EFB130051D1E4 /* Resources */,
			);
			buildRules = (
			);
			dependencies = (
			);
			name = BrewApp;
			productName = BrewApp;
			productReference = 0FF90E22276EFB130051D1E4 /* BrewApp.app */;
			productType = "com.apple.product-type.application";
		};
/* End PBXNativeTarget section */

/* Begin PBXProject section */
		0FF90E1A276EFB130051D1E4 /* Project object */ = {
			isa = PBXProject;
			attributes = {
				BuildIndependentTargetsInParallel = 1;
				LastSwiftUpdateCheck = 1310;
				LastUpgradeCheck = 1310;
				TargetAttributes = {
					0FF90E21276EFB130051D1E4 = {
						CreatedOnToolsVersion = 13.1;
					};
				};
			};
			buildConfigurationList = 0FF90E1D276EFB130051D1E4 /* Build configuration list for PBXProject "BrewApp" */;
			compatibilityVersion = "Xcode 13.0";
			developmentRegion = en;
			hasScannedForEncodings = 0;
			knownRegions = (
				en,
				Base,
			);
			mainGroup = 0FF90E19276EFB130051D1E4;
			productRefGroup = 0FF90E23276EFB130051D1E4 /* Products */;
			projectDirPath = "";
			projectRoot = "";
			targets = (
				0FF90E21276EFB130051D1E4 /* BrewApp */,
			);
		};
/* End PBXProject section */

/* Begin PBXResourcesBuildPhase section */
		0FF90E20276EFB130051D1E4 /* Resources */ = {
			isa = PBXResourcesBuildPhase;
			buildActionMask = 2147483647;
			files = (
				0FF90E2D276EFB150051D1E4 /* Preview Assets.xcassets in Resources */,
				0FF90E2A276EFB150051D1E4 /* Assets.xcassets in Resources */,
			);
			runOnlyForDeploymentPostprocessing = 0;
		};
/* End PBXResourcesBuildPhase section */

/* Begin PBXSourcesBuildPhase section */
		0FF90E1E276EFB130051D1E4 /* Sources */ = {
			isa = PBXSourcesBuildPhase;
			buildActionMask = 2147483647;
			files = (
				0FF90E37276EFFE40051D1E4 /* UnpopularMovieView.swift in Sources */,
				0FF90E44276F7B8C0051D1E4 /* DetailView.swift in Sources */,
				0FF90E35276EFE4B0051D1E4 /* PopularMovieView.swift in Sources */,
				0FF90E39276F15C50051D1E4 /* APIManager.swift in Sources */,
				0FF90E28276EFB130051D1E4 /* ContentView.swift in Sources */,
				0FF90E26276EFB130051D1E4 /* BrewAppApp.swift in Sources */,
				0FF90E3C276F56980051D1E4 /* Contants.swift in Sources */,
			);
			runOnlyForDeploymentPostprocessing = 0;
		};
/* End PBXSourcesBuildPhase section */

/* Begin XCBuildConfiguration section */
		0FF90E2E276EFB150051D1E4 /* Debug */ = {
			isa = XCBuildConfiguration;
			buildSettings = {
				ALWAYS_SEARCH_USER_PATHS = NO;
				CLANG_ANALYZER_NONNULL = YES;
				CLANG_ANALYZER_NUMBER_OBJECT_CONVERSION = YES_AGGRESSIVE;
				CLANG_CXX_LANGUAGE_STANDARD = "gnu++17";
				CLANG_CXX_LIBRARY = "libc++";
				CLANG_ENABLE_MODULES = YES;
				CLANG_ENABLE_OBJC_ARC = YES;
				CLANG_ENABLE_OBJC_WEAK = YES;
				CLANG_WARN_BLOCK_CAPTURE_AUTORELEASING = YES;
				CLANG_WARN_BOOL_CONVERSION = YES;
				CLANG_WARN_COMMA = YES;
				CLANG_WARN_CONSTANT_CONVERSION = YES;
				CLANG_WARN_DEPRECATED_OBJC_IMPLEMENTATIONS = YES;
				CLANG_WARN_DIRECT_OBJC_ISA_USAGE = YES_ERROR;
				CLANG_WARN_DOCUMENTATION_COMMENTS = YES;
				CLANG_WARN_EMPTY_BODY = YES;
				CLANG_WARN_ENUM_CONVERSION = YES;
				CLANG_WARN_INFINITE_RECURSION = YES;
				CLANG_WARN_INT_CONVERSION = YES;
				CLANG_WARN_NON_LITERAL_NULL_CONVERSION = YES;
				CLANG_WARN_OBJC_IMPLICIT_RETAIN_SELF = YES;
				CLANG_WARN_OBJC_LITERAL_CONVERSION = YES;
				CLANG_WARN_OBJC_ROOT_CLASS = YES_ERROR;
				CLANG_WARN_QUOTED_INCLUDE_IN_FRAMEWORK_HEADER = YES;
				CLANG_WARN_RANGE_LOOP_ANALYSIS = YES;
				CLANG_WARN_STRICT_PROTOTYPES = YES;
				CLANG_WARN_SUSPICIOUS_MOVE = YES;
				CLANG_WARN_UNGUARDED_AVAILABILITY = YES_AGGRESSIVE;
				CLANG_WARN_UNREACHABLE_CODE = YES;
				CLANG_WARN__DUPLICATE_METHOD_MATCH = YES;
				COPY_PHASE_STRIP = NO;
				DEBUG_INFORMATION_FORMAT = dwarf;
				ENABLE_STRICT_OBJC_MSGSEND = YES;
				ENABLE_TESTABILITY = YES;
				GCC_C_LANGUAGE_STANDARD = gnu11;
				GCC_DYNAMIC_NO_PIC = NO;
				GCC_NO_COMMON_BLOCKS = YES;
				GCC_OPTIMIZATION_LEVEL = 0;
				GCC_PREPROCESSOR_DEFINITIONS = (
					"DEBUG=1",
					"$(inherited)",
				);
				GCC_WARN_64_TO_32_BIT_CONVERSION = YES;
				GCC_WARN_ABOUT_RETURN_TYPE = YES_ERROR;
				GCC_WARN_UNDECLARED_SELECTOR = YES;
				GCC_WARN_UNINITIALIZED_AUTOS = YES_AGGRESSIVE;
				GCC_WARN_UNUSED_FUNCTION = YES;
				GCC_WARN_UNUSED_VARIABLE = YES;
				IPHONEOS_DEPLOYMENT_TARGET = 15.0;
				MTL_ENABLE_DEBUG_INFO = INCLUDE_SOURCE;
				MTL_FAST_MATH = YES;
				ONLY_ACTIVE_ARCH = YES;
				SDKROOT = iphoneos;
				SWIFT_ACTIVE_COMPILATION_CONDITIONS = DEBUG;
				SWIFT_OPTIMIZATION_LEVEL = "-Onone";
			};
			name = Debug;
		};
		0FF90E2F276EFB150051D1E4 /* Release */ = {
			isa = XCBuildConfiguration;
			buildSettings = {
				ALWAYS_SEARCH_USER_PATHS = NO;
				CLANG_ANALYZER_NONNULL = YES;
				CLANG_ANALYZER_NUMBER_OBJECT_CONVERSION = YES_AGGRESSIVE;
				CLANG_CXX_LANGUAGE_STANDARD = "gnu++17";
				CLANG_CXX_LIBRARY = "libc++";
				CLANG_ENABLE_MODULES = YES;
				CLANG_ENABLE_OBJC_ARC = YES;
				CLANG_ENABLE_OBJC_WEAK = YES;
				CLANG_WARN_BLOCK_CAPTURE_AUTORELEASING = YES;
				CLANG_WARN_BOOL_CONVERSION = YES;
				CLANG_WARN_COMMA = YES;
				CLANG_WARN_CONSTANT_CONVERSION = YES;
				CLANG_WARN_DEPRECATED_OBJC_IMPLEMENTATIONS = YES;
				CLANG_WARN_DIRECT_OBJC_ISA_USAGE = YES_ERROR;
				CLANG_WARN_DOCUMENTATION_COMMENTS = YES;
				CLANG_WARN_EMPTY_BODY = YES;
				CLANG_WARN_ENUM_CONVERSION = YES;
				CLANG_WARN_INFINITE_RECURSION = YES;
				CLANG_WARN_INT_CONVERSION = YES;
				CLANG_WARN_NON_LITERAL_NULL_CONVERSION = YES;
				CLANG_WARN_OBJC_IMPLICIT_RETAIN_SELF = YES;
				CLANG_WARN_OBJC_LITERAL_CONVERSION = YES;
				CLANG_WARN_OBJC_ROOT_CLASS = YES_ERROR;
				CLANG_WARN_QUOTED_INCLUDE_IN_FRAMEWORK_HEADER = YES;
				CLANG_WARN_RANGE_LOOP_ANALYSIS = YES;
				CLANG_WARN_STRICT_PROTOTYPES = YES;
				CLANG_WARN_SUSPICIOUS_MOVE = YES;
				CLANG_WARN_UNGUARDED_AVAILABILITY = YES_AGGRESSIVE;
				CLANG_WARN_UNREACHABLE_CODE = YES;
				CLANG_WARN__DUPLICATE_METHOD_MATCH = YES;
				COPY_PHASE_STRIP = NO;
				DEBUG_INFORMATION_FORMAT = "dwarf-with-dsym";
				ENABLE_NS_ASSERTIONS = NO;
				ENABLE_STRICT_OBJC_MSGSEND = YES;
				GCC_C_LANGUAGE_STANDARD = gnu11;
				GCC_NO_COMMON_BLOCKS = YES;
				GCC_WARN_64_TO_32_BIT_CONVERSION = YES;
				GCC_WARN_ABOUT_RETURN_TYPE = YES_ERROR;
				GCC_WARN_UNDECLARED_SELECTOR = YES;
				GCC_WARN_UNINITIALIZED_AUTOS = YES_AGGRESSIVE;
				GCC_WARN_UNUSED_FUNCTION = YES;
				GCC_WARN_UNUSED_VARIABLE = YES;
				IPHONEOS_DEPLOYMENT_TARGET = 15.0;
				MTL_ENABLE_DEBUG_INFO = NO;
				MTL_FAST_MATH = YES;
				SDKROOT = iphoneos;
				SWIFT_COMPILATION_MODE = wholemodule;
				SWIFT_OPTIMIZATION_LEVEL = "-O";
				VALIDATE_PRODUCT = YES;
			};
			name = Release;
		};
		0FF90E31276EFB150051D1E4 /* Debug */ = {
			isa = XCBuildConfiguration;
			buildSettings = {
				ASSETCATALOG_COMPILER_APPICON_NAME = AppIcon;
				ASSETCATALOG_COMPILER_GLOBAL_ACCENT_COLOR_NAME = AccentColor;
				CODE_SIGN_STYLE = Automatic;
				CURRENT_PROJECT_VERSION = 1;
				DEVELOPMENT_ASSET_PATHS = "\"BrewApp/Preview Content\"";
				DEVELOPMENT_TEAM = M9GS99CBAG;
				ENABLE_PREVIEWS = YES;
				GENERATE_INFOPLIST_FILE = YES;
				INFOPLIST_KEY_UIApplicationSceneManifest_Generation = YES;
				INFOPLIST_KEY_UIApplicationSupportsIndirectInputEvents = YES;
				INFOPLIST_KEY_UILaunchScreen_Generation = YES;
				INFOPLIST_KEY_UISupportedInterfaceOrientations_iPad = "UIInterfaceOrientationPortrait UIInterfaceOrientationPortraitUpsideDown UIInterfaceOrientationLandscapeLeft UIInterfaceOrientationLandscapeRight";
				INFOPLIST_KEY_UISupportedInterfaceOrientations_iPhone = "UIInterfaceOrientationPortrait UIInterfaceOrientationLandscapeLeft UIInterfaceOrientationLandscapeRight";
				LD_RUNPATH_SEARCH_PATHS = (
					"$(inherited)",
					"@executable_path/Frameworks",
				);
				MARKETING_VERSION = 1.0;
				PRODUCT_BUNDLE_IDENTIFIER = rrp.BrewApp;
				PRODUCT_NAME = "$(TARGET_NAME)";
				SWIFT_EMIT_LOC_STRINGS = YES;
				SWIFT_VERSION = 5.0;
				TARGETED_DEVICE_FAMILY = "1,2";
			};
			name = Debug;
		};
		0FF90E32276EFB150051D1E4 /* Release */ = {
			isa = XCBuildConfiguration;
			buildSettings = {
				ASSETCATALOG_COMPILER_APPICON_NAME = AppIcon;
				ASSETCATALOG_COMPILER_GLOBAL_ACCENT_COLOR_NAME = AccentColor;
				CODE_SIGN_STYLE = Automatic;
				CURRENT_PROJECT_VERSION = 1;
				DEVELOPMENT_ASSET_PATHS = "\"BrewApp/Preview Content\"";
				DEVELOPMENT_TEAM = M9GS99CBAG;
				ENABLE_PREVIEWS = YES;
				GENERATE_INFOPLIST_FILE = YES;
				INFOPLIST_KEY_UIApplicationSceneManifest_Generation = YES;
				INFOPLIST_KEY_UIApplicationSupportsIndirectInputEvents = YES;
				INFOPLIST_KEY_UILaunchScreen_Generation = YES;
				INFOPLIST_KEY_UISupportedInterfaceOrientations_iPad = "UIInterfaceOrientationPortrait UIInterfaceOrientationPortraitUpsideDown UIInterfaceOrientationLandscapeLeft UIInterfaceOrientationLandscapeRight";
				INFOPLIST_KEY_UISupportedInterfaceOrientations_iPhone = "UIInterfaceOrientationPortrait UIInterfaceOrientationLandscapeLeft UIInterfaceOrientationLandscapeRight";
				LD_RUNPATH_SEARCH_PATHS = (
					"$(inherited)",
					"@executable_path/Frameworks",
				);
				MARKETING_VERSION = 1.0;
				PRODUCT_BUNDLE_IDENTIFIER = rrp.BrewApp;
				PRODUCT_NAME = "$(TARGET_NAME)";
				SWIFT_EMIT_LOC_STRINGS = YES;
				SWIFT_VERSION = 5.0;
				TARGETED_DEVICE_FAMILY = "1,2";
			};
			name = Release;
		};
/* End XCBuildConfiguration section */

/* Begin XCConfigurationList section */
		0FF90E1D276EFB130051D1E4 /* Build configuration list for PBXProject "BrewApp" */ = {
			isa = XCConfigurationList;
			buildConfigurations = (
				0FF90E2E276EFB150051D1E4 /* Debug */,
				0FF90E2F276EFB150051D1E4 /* Release */,
			);
			defaultConfigurationIsVisible = 0;
			defaultConfigurationName = Release;
		};
		0FF90E30276EFB150051D1E4 /* Build configuration list for PBXNativeTarget "BrewApp" */ = {
			isa = XCConfigurationList;
			buildConfigurations = (
				0FF90E31276EFB150051D1E4 /* Debug */,
				0FF90E32276EFB150051D1E4 /* Release */,
			);
			defaultConfigurationIsVisible = 0;
			defaultConfigurationName = Release;
		};
/* End XCConfigurationList section */
	};
	rootObject = 0FF90E1A276EFB130051D1E4 /* Project object */;
}
